
Microsoft Visual Studio Solution File, Format Version 12.00
# Visual Studio Version 17
VisualStudioVersion = 17.8.34408.163
MinimumVisualStudioVersion = 10.0.40219.1
Project("{9A19103F-16F7-4668-BE54-9A1E7A4F7556}") = "TalabatAPI", "TalabatAPI\TalabatAPI.csproj", "{0A4B6506-0819-41B2-BA23-0DEAE1142849}"
EndProject
Project("{9A19103F-16F7-4668-BE54-9A1E7A4F7556}") = "Talabat.DAL", "Talabat.DAL\Talabat.DAL.csproj", "{3A8DA6B8-C2DE-4341-80C8-6D5BD6F04A81}"
EndProject
Project("{9A19103F-16F7-4668-BE54-9A1E7A4F7556}") = "Talabat.BLL", "Talabat.BLL\Talabat.BLL.csproj", "{2909BF31-2A94-4C4C-A48E-A048A7CCCB17}"
EndProject
Global
	GlobalSection(SolutionConfigurationPlatforms) = preSolution
		Debug|Any CPU = Debug|Any CPU
		Release|Any CPU = Release|Any CPU
	EndGlobalSection
	GlobalSection(ProjectConfigurationPlatforms) = postSolution
		{0A4B6506-0819-41B2-BA23-0DEAE1142849}.Debug|Any CPU.ActiveCfg = Debug|Any CPU
		{0A4B6506-0819-41B2-BA23-0DEAE1142849}.Debug|Any CPU.Build.0 = Debug|Any CPU
		{0A4B6506-0819-41B2-BA23-0DEAE1142849}.Release|Any CPU.ActiveCfg = Release|Any CPU
		{0A4B6506-0819-41B2-BA23-0DEAE1142849}.Release|Any CPU.Build.0 = Release|Any CPU
		{3A8DA6B8-C2DE-4341-80C8-6D5BD6F04A81}.Debug|Any CPU.ActiveCfg = Debug|Any CPU
		{3A8DA6B8-C2DE-4341-80C8-6D5BD6F04A81}.Debug|Any CPU.Build.0 = Debug|Any CPU
		{3A8DA6B8-C2DE-4341-80C8-6D5BD6F04A81}.Release|Any CPU.ActiveCfg = Release|Any CPU
		{3A8DA6B8-C2DE-4341-80C8-6D5BD6F04A81}.Release|Any CPU.Build.0 = Release|Any CPU
		{2909BF31-2A94-4C4C-A48E-A048A7CCCB17}.Debug|Any CPU.ActiveCfg = Debug|Any CPU
		{2909BF31-2A94-4C4C-A48E-A048A7CCCB17}.Debug|Any CPU.Build.0 = Debug|Any CPU
		{2909BF31-2A94-4C4C-A48E-A048A7CCCB17}.Release|Any CPU.ActiveCfg = Release|Any CPU
		{2909BF31-2A94-4C4C-A48E-A048A7CCCB17}.Release|Any CPU.Build.0 = Release|Any CPU
	EndGlobalSection
	GlobalSection(SolutionProperties) = preSolution
		HideSolutionNode = FALSE
	EndGlobalSection
	GlobalSection(ExtensibilityGlobals) = postSolution
		SolutionGuid = {4A57F4E1-C3DD-4D22-9EE3-5585293412CC}
	EndGlobalSection
EndGlobal
